// !$*UTF8*$!
{
	archiveVersion = 1;
	classes = {
	};
	objectVersion = 51;
	objects = {

/* Begin PBXBuildFile section */
		0140CE91C5ECAA7972EA585E /* Pods_OffersTests.framework in Frameworks */ = {isa = PBXBuildFile; fileRef = 855993DA86284B1AD444DE75 /* Pods_OffersTests.framework */; };
		05F9D140679EBF1B11250AC8 /* Pods_Offers_OffersUITests.framework in Frameworks */ = {isa = PBXBuildFile; fileRef = 10CA8080FDED470C41F27897 /* Pods_Offers_OffersUITests.framework */; };
		8A379B4F2531F69B0022307C /* AppDelegate.m in Sources */ = {isa = PBXBuildFile; fileRef = 8A379B4E2531F69B0022307C /* AppDelegate.m */; };
		8A379B522531F69B0022307C /* SceneDelegate.m in Sources */ = {isa = PBXBuildFile; fileRef = 8A379B512531F69B0022307C /* SceneDelegate.m */; };
		8A379B582531F69B0022307C /* Main.storyboard in Resources */ = {isa = PBXBuildFile; fileRef = 8A379B562531F69B0022307C /* Main.storyboard */; };
		8A379B5A2531F69D0022307C /* Assets.xcassets in Resources */ = {isa = PBXBuildFile; fileRef = 8A379B592531F69D0022307C /* Assets.xcassets */; };
		8A379B5D2531F69D0022307C /* LaunchScreen.storyboard in Resources */ = {isa = PBXBuildFile; fileRef = 8A379B5B2531F69D0022307C /* LaunchScreen.storyboard */; };
		8A379B602531F69D0022307C /* main.m in Sources */ = {isa = PBXBuildFile; fileRef = 8A379B5F2531F69D0022307C /* main.m */; };
		8A379B6A2531F69D0022307C /* OffersTests.m in Sources */ = {isa = PBXBuildFile; fileRef = 8A379B692531F69D0022307C /* OffersTests.m */; };
		8A379B752531F69D0022307C /* OffersUITests.m in Sources */ = {isa = PBXBuildFile; fileRef = 8A379B742531F69D0022307C /* OffersUITests.m */; };
		8A379B9C253207930022307C /* ViewController.m in Sources */ = {isa = PBXBuildFile; fileRef = 8A379B9A253207930022307C /* ViewController.m */; };
		8A379BCB253314C20022307C /* OffersViewController.m in Sources */ = {isa = PBXBuildFile; fileRef = 8A379BCA253314C20022307C /* OffersViewController.m */; };
		8AE9884A2533305600BE6952 /* Offer.m in Sources */ = {isa = PBXBuildFile; fileRef = 8AE988492533305600BE6952 /* Offer.m */; };
		8AE988722533426500BE6952 /* NetworkManager.m in Sources */ = {isa = PBXBuildFile; fileRef = 8AE988712533426500BE6952 /* NetworkManager.m */; };
		B05ADC16BF1A6085B1D1C745 /* Pods_Offers.framework in Frameworks */ = {isa = PBXBuildFile; fileRef = 70AA8D46976DFB7CE046354B /* Pods_Offers.framework */; };
/* End PBXBuildFile section */

/* Begin PBXContainerItemProxy section */
		8A379B662531F69D0022307C /* PBXContainerItemProxy */ = {
			isa = PBXContainerItemProxy;
			containerPortal = 8A379B422531F69B0022307C /* Project object */;
			proxyType = 1;
			remoteGlobalIDString = 8A379B492531F69B0022307C;
			remoteInfo = Offers;
		};
		8A379B712531F69D0022307C /* PBXContainerItemProxy */ = {
			isa = PBXContainerItemProxy;
			containerPortal = 8A379B422531F69B0022307C /* Project object */;
			proxyType = 1;
			remoteGlobalIDString = 8A379B492531F69B0022307C;
			remoteInfo = Offers;
		};
/* End PBXContainerItemProxy section */

/* Begin PBXFileReference section */
		10CA8080FDED470C41F27897 /* Pods_Offers_OffersUITests.framework */ = {isa = PBXFileReference; explicitFileType = wrapper.framework; includeInIndex = 0; path = Pods_Offers_OffersUITests.framework; sourceTree = BUILT_PRODUCTS_DIR; };
		3E4E00D95C0A31D7471F2F31 /* Pods-Offers-OffersUITests.release.xcconfig */ = {isa = PBXFileReference; includeInIndex = 1; lastKnownFileType = text.xcconfig; name = "Pods-Offers-OffersUITests.release.xcconfig"; path = "Target Support Files/Pods-Offers-OffersUITests/Pods-Offers-OffersUITests.release.xcconfig"; sourceTree = "<group>"; };
		6DE9C3CB2C44A1762C93C79D /* Pods-Offers.release.xcconfig */ = {isa = PBXFileReference; includeInIndex = 1; lastKnownFileType = text.xcconfig; name = "Pods-Offers.release.xcconfig"; path = "Target Support Files/Pods-Offers/Pods-Offers.release.xcconfig"; sourceTree = "<group>"; };
		70AA8D46976DFB7CE046354B /* Pods_Offers.framework */ = {isa = PBXFileReference; explicitFileType = wrapper.framework; includeInIndex = 0; path = Pods_Offers.framework; sourceTree = BUILT_PRODUCTS_DIR; };
		855993DA86284B1AD444DE75 /* Pods_OffersTests.framework */ = {isa = PBXFileReference; explicitFileType = wrapper.framework; includeInIndex = 0; path = Pods_OffersTests.framework; sourceTree = BUILT_PRODUCTS_DIR; };
		89FE2F36AEE3F240FFCFBB7E /* Pods-OffersTests.release.xcconfig */ = {isa = PBXFileReference; includeInIndex = 1; lastKnownFileType = text.xcconfig; name = "Pods-OffersTests.release.xcconfig"; path = "Target Support Files/Pods-OffersTests/Pods-OffersTests.release.xcconfig"; sourceTree = "<group>"; };
		8A379B4A2531F69B0022307C /* Offers.app */ = {isa = PBXFileReference; explicitFileType = wrapper.application; includeInIndex = 0; path = Offers.app; sourceTree = BUILT_PRODUCTS_DIR; };
		8A379B4D2531F69B0022307C /* AppDelegate.h */ = {isa = PBXFileReference; lastKnownFileType = sourcecode.c.h; path = AppDelegate.h; sourceTree = "<group>"; };
		8A379B4E2531F69B0022307C /* AppDelegate.m */ = {isa = PBXFileReference; lastKnownFileType = sourcecode.c.objc; path = AppDelegate.m; sourceTree = "<group>"; };
		8A379B502531F69B0022307C /* SceneDelegate.h */ = {isa = PBXFileReference; lastKnownFileType = sourcecode.c.h; path = SceneDelegate.h; sourceTree = "<group>"; };
		8A379B512531F69B0022307C /* SceneDelegate.m */ = {isa = PBXFileReference; lastKnownFileType = sourcecode.c.objc; path = SceneDelegate.m; sourceTree = "<group>"; };
		8A379B572531F69B0022307C /* Base */ = {isa = PBXFileReference; lastKnownFileType = file.storyboard; name = Base; path = Base.lproj/Main.storyboard; sourceTree = "<group>"; };
		8A379B592531F69D0022307C /* Assets.xcassets */ = {isa = PBXFileReference; lastKnownFileType = folder.assetcatalog; path = Assets.xcassets; sourceTree = "<group>"; };
		8A379B5C2531F69D0022307C /* Base */ = {isa = PBXFileReference; lastKnownFileType = file.storyboard; name = Base; path = Base.lproj/LaunchScreen.storyboard; sourceTree = "<group>"; };
		8A379B5E2531F69D0022307C /* Info.plist */ = {isa = PBXFileReference; lastKnownFileType = text.plist.xml; path = Info.plist; sourceTree = "<group>"; };
		8A379B5F2531F69D0022307C /* main.m */ = {isa = PBXFileReference; lastKnownFileType = sourcecode.c.objc; path = main.m; sourceTree = "<group>"; };
		8A379B652531F69D0022307C /* OffersTests.xctest */ = {isa = PBXFileReference; explicitFileType = wrapper.cfbundle; includeInIndex = 0; path = OffersTests.xctest; sourceTree = BUILT_PRODUCTS_DIR; };
		8A379B692531F69D0022307C /* OffersTests.m */ = {isa = PBXFileReference; lastKnownFileType = sourcecode.c.objc; path = OffersTests.m; sourceTree = "<group>"; };
		8A379B6B2531F69D0022307C /* Info.plist */ = {isa = PBXFileReference; lastKnownFileType = text.plist.xml; path = Info.plist; sourceTree = "<group>"; };
		8A379B702531F69D0022307C /* OffersUITests.xctest */ = {isa = PBXFileReference; explicitFileType = wrapper.cfbundle; includeInIndex = 0; path = OffersUITests.xctest; sourceTree = BUILT_PRODUCTS_DIR; };
		8A379B742531F69D0022307C /* OffersUITests.m */ = {isa = PBXFileReference; lastKnownFileType = sourcecode.c.objc; path = OffersUITests.m; sourceTree = "<group>"; };
		8A379B762531F69D0022307C /* Info.plist */ = {isa = PBXFileReference; lastKnownFileType = text.plist.xml; path = Info.plist; sourceTree = "<group>"; };
		8A379B9A253207930022307C /* ViewController.m */ = {isa = PBXFileReference; fileEncoding = 4; lastKnownFileType = sourcecode.c.objc; path = ViewController.m; sourceTree = "<group>"; };
		8A379B9B253207930022307C /* ViewController.h */ = {isa = PBXFileReference; fileEncoding = 4; lastKnownFileType = sourcecode.c.h; path = ViewController.h; sourceTree = "<group>"; };
		8A379BCA253314C20022307C /* OffersViewController.m */ = {isa = PBXFileReference; lastKnownFileType = sourcecode.c.objc; path = OffersViewController.m; sourceTree = "<group>"; };
		8A379BCF253314D50022307C /* OffersViewController.h */ = {isa = PBXFileReference; lastKnownFileType = sourcecode.c.h; path = OffersViewController.h; sourceTree = "<group>"; };
		8AE988482533305600BE6952 /* Offer.h */ = {isa = PBXFileReference; lastKnownFileType = sourcecode.c.h; path = Offer.h; sourceTree = "<group>"; };
		8AE988492533305600BE6952 /* Offer.m */ = {isa = PBXFileReference; lastKnownFileType = sourcecode.c.objc; path = Offer.m; sourceTree = "<group>"; };
		8AE988702533426500BE6952 /* NetworkManager.h */ = {isa = PBXFileReference; lastKnownFileType = sourcecode.c.h; path = NetworkManager.h; sourceTree = "<group>"; };
		8AE988712533426500BE6952 /* NetworkManager.m */ = {isa = PBXFileReference; lastKnownFileType = sourcecode.c.objc; path = NetworkManager.m; sourceTree = "<group>"; };
		AE9FF4B7C0F9B6A77C84E78E /* Pods-Offers-OffersUITests.debug.xcconfig */ = {isa = PBXFileReference; includeInIndex = 1; lastKnownFileType = text.xcconfig; name = "Pods-Offers-OffersUITests.debug.xcconfig"; path = "Target Support Files/Pods-Offers-OffersUITests/Pods-Offers-OffersUITests.debug.xcconfig"; sourceTree = "<group>"; };
		C98BCD7D136D34A83D170575 /* Pods-Offers.debug.xcconfig */ = {isa = PBXFileReference; includeInIndex = 1; lastKnownFileType = text.xcconfig; name = "Pods-Offers.debug.xcconfig"; path = "Target Support Files/Pods-Offers/Pods-Offers.debug.xcconfig"; sourceTree = "<group>"; };
		FC7C0758EB88A2361ECA5C71 /* Pods-OffersTests.debug.xcconfig */ = {isa = PBXFileReference; includeInIndex = 1; lastKnownFileType = text.xcconfig; name = "Pods-OffersTests.debug.xcconfig"; path = "Target Support Files/Pods-OffersTests/Pods-OffersTests.debug.xcconfig"; sourceTree = "<group>"; };
/* End PBXFileReference section */

/* Begin PBXFrameworksBuildPhase section */
		8A379B472531F69B0022307C /* Frameworks */ = {
			isa = PBXFrameworksBuildPhase;
			buildActionMask = 2147483647;
			files = (
				B05ADC16BF1A6085B1D1C745 /* Pods_Offers.framework in Frameworks */,
			);
			runOnlyForDeploymentPostprocessing = 0;
		};
		8A379B622531F69D0022307C /* Frameworks */ = {
			isa = PBXFrameworksBuildPhase;
			buildActionMask = 2147483647;
			files = (
				0140CE91C5ECAA7972EA585E /* Pods_OffersTests.framework in Frameworks */,
			);
			runOnlyForDeploymentPostprocessing = 0;
		};
		8A379B6D2531F69D0022307C /* Frameworks */ = {
			isa = PBXFrameworksBuildPhase;
			buildActionMask = 2147483647;
			files = (
				05F9D140679EBF1B11250AC8 /* Pods_Offers_OffersUITests.framework in Frameworks */,
			);
			runOnlyForDeploymentPostprocessing = 0;
		};
/* End PBXFrameworksBuildPhase section */

/* Begin PBXGroup section */
		21BEF0C42B2D9E2EB0621276 /* Frameworks */ = {
			isa = PBXGroup;
			children = (
				70AA8D46976DFB7CE046354B /* Pods_Offers.framework */,
				10CA8080FDED470C41F27897 /* Pods_Offers_OffersUITests.framework */,
				855993DA86284B1AD444DE75 /* Pods_OffersTests.framework */,
			);
			name = Frameworks;
			sourceTree = "<group>";
		};
		3176A72DE988D5B2C8F95112 /* Pods */ = {
			isa = PBXGroup;
			children = (
				C98BCD7D136D34A83D170575 /* Pods-Offers.debug.xcconfig */,
				6DE9C3CB2C44A1762C93C79D /* Pods-Offers.release.xcconfig */,
				AE9FF4B7C0F9B6A77C84E78E /* Pods-Offers-OffersUITests.debug.xcconfig */,
				3E4E00D95C0A31D7471F2F31 /* Pods-Offers-OffersUITests.release.xcconfig */,
				FC7C0758EB88A2361ECA5C71 /* Pods-OffersTests.debug.xcconfig */,
				89FE2F36AEE3F240FFCFBB7E /* Pods-OffersTests.release.xcconfig */,
			);
			path = Pods;
			sourceTree = "<group>";
		};
		8A379B412531F69B0022307C = {
			isa = PBXGroup;
			children = (
				8A379B4C2531F69B0022307C /* Offers */,
				8A379B682531F69D0022307C /* OffersTests */,
				8A379B732531F69D0022307C /* OffersUITests */,
				8A379B4B2531F69B0022307C /* Products */,
				3176A72DE988D5B2C8F95112 /* Pods */,
				21BEF0C42B2D9E2EB0621276 /* Frameworks */,
			);
			sourceTree = "<group>";
		};
		8A379B4B2531F69B0022307C /* Products */ = {
			isa = PBXGroup;
			children = (
				8A379B4A2531F69B0022307C /* Offers.app */,
				8A379B652531F69D0022307C /* OffersTests.xctest */,
				8A379B702531F69D0022307C /* OffersUITests.xctest */,
			);
			name = Products;
			sourceTree = "<group>";
		};
		8A379B4C2531F69B0022307C /* Offers */ = {
			isa = PBXGroup;
			children = (
				8A379BA025320CD10022307C /* NetworkManager */,
				8A379B872531F8150022307C /* Controller */,
				8A379B862531F80F0022307C /* View */,
				8A379B852531F8050022307C /* Model */,
				8A379B4D2531F69B0022307C /* AppDelegate.h */,
				8A379B4E2531F69B0022307C /* AppDelegate.m */,
				8A379B502531F69B0022307C /* SceneDelegate.h */,
				8A379B512531F69B0022307C /* SceneDelegate.m */,
				8A379B562531F69B0022307C /* Main.storyboard */,
				8A379B592531F69D0022307C /* Assets.xcassets */,
				8A379B5B2531F69D0022307C /* LaunchScreen.storyboard */,
				8A379B5E2531F69D0022307C /* Info.plist */,
				8A379B5F2531F69D0022307C /* main.m */,
			);
			path = Offers;
			sourceTree = "<group>";
		};
		8A379B682531F69D0022307C /* OffersTests */ = {
			isa = PBXGroup;
			children = (
				8A379B692531F69D0022307C /* OffersTests.m */,
				8A379B6B2531F69D0022307C /* Info.plist */,
			);
			path = OffersTests;
			sourceTree = "<group>";
		};
		8A379B732531F69D0022307C /* OffersUITests */ = {
			isa = PBXGroup;
			children = (
				8A379B742531F69D0022307C /* OffersUITests.m */,
				8A379B762531F69D0022307C /* Info.plist */,
			);
			path = OffersUITests;
			sourceTree = "<group>";
		};
		8A379B852531F8050022307C /* Model */ = {
			isa = PBXGroup;
			children = (
				8AE988482533305600BE6952 /* Offer.h */,
				8AE988492533305600BE6952 /* Offer.m */,
			);
			path = Model;
			sourceTree = "<group>";
		};
		8A379B862531F80F0022307C /* View */ = {
			isa = PBXGroup;
			children = (
			);
			path = View;
			sourceTree = "<group>";
		};
		8A379B872531F8150022307C /* Controller */ = {
			isa = PBXGroup;
			children = (
				8A379B9B253207930022307C /* ViewController.h */,
				8A379B9A253207930022307C /* ViewController.m */,
				8A379BCF253314D50022307C /* OffersViewController.h */,
				8A379BCA253314C20022307C /* OffersViewController.m */,
			);
			path = Controller;
			sourceTree = "<group>";
		};
		8A379BA025320CD10022307C /* NetworkManager */ = {
			isa = PBXGroup;
			children = (
				8AE988702533426500BE6952 /* NetworkManager.h */,
				8AE988712533426500BE6952 /* NetworkManager.m */,
			);
			path = NetworkManager;
			sourceTree = "<group>";
		};
/* End PBXGroup section */

/* Begin PBXNativeTarget section */
		8A379B492531F69B0022307C /* Offers */ = {
			isa = PBXNativeTarget;
			buildConfigurationList = 8A379B792531F69D0022307C /* Build configuration list for PBXNativeTarget "Offers" */;
			buildPhases = (
				5D013E432C4A2BD4BA33EEB1 /* [CP] Check Pods Manifest.lock */,
				8A379B462531F69B0022307C /* Sources */,
				8A379B472531F69B0022307C /* Frameworks */,
				8A379B482531F69B0022307C /* Resources */,
				B027AC29B6AC250DB5E4780F /* [CP] Embed Pods Frameworks */,
			);
			buildRules = (
			);
			dependencies = (
			);
			name = Offers;
			productName = Offers;
			productReference = 8A379B4A2531F69B0022307C /* Offers.app */;
			productType = "com.apple.product-type.application";
		};
		8A379B642531F69D0022307C /* OffersTests */ = {
			isa = PBXNativeTarget;
			buildConfigurationList = 8A379B7C2531F69D0022307C /* Build configuration list for PBXNativeTarget "OffersTests" */;
			buildPhases = (
				20EAC03F224F221118FE0A23 /* [CP] Check Pods Manifest.lock */,
				8A379B612531F69D0022307C /* Sources */,
				8A379B622531F69D0022307C /* Frameworks */,
				8A379B632531F69D0022307C /* Resources */,
			);
			buildRules = (
			);
			dependencies = (
				8A379B672531F69D0022307C /* PBXTargetDependency */,
			);
			name = OffersTests;
			productName = OffersTests;
			productReference = 8A379B652531F69D0022307C /* OffersTests.xctest */;
			productType = "com.apple.product-type.bundle.unit-test";
		};
		8A379B6F2531F69D0022307C /* OffersUITests */ = {
			isa = PBXNativeTarget;
			buildConfigurationList = 8A379B7F2531F69D0022307C /* Build configuration list for PBXNativeTarget "OffersUITests" */;
			buildPhases = (
				EB94168A5EE7A5D55FF0CE29 /* [CP] Check Pods Manifest.lock */,
				8A379B6C2531F69D0022307C /* Sources */,
				8A379B6D2531F69D0022307C /* Frameworks */,
				8A379B6E2531F69D0022307C /* Resources */,
				23939C563510034D27E023BA /* [CP] Embed Pods Frameworks */,
			);
			buildRules = (
			);
			dependencies = (
				8A379B722531F69D0022307C /* PBXTargetDependency */,
			);
			name = OffersUITests;
			productName = OffersUITests;
			productReference = 8A379B702531F69D0022307C /* OffersUITests.xctest */;
			productType = "com.apple.product-type.bundle.ui-testing";
		};
/* End PBXNativeTarget section */

/* Begin PBXProject section */
		8A379B422531F69B0022307C /* Project object */ = {
			isa = PBXProject;
			attributes = {
				LastUpgradeCheck = 1200;
				TargetAttributes = {
					8A379B492531F69B0022307C = {
						CreatedOnToolsVersion = 12.0.1;
					};
					8A379B642531F69D0022307C = {
						CreatedOnToolsVersion = 12.0.1;
						TestTargetID = 8A379B492531F69B0022307C;
					};
					8A379B6F2531F69D0022307C = {
						CreatedOnToolsVersion = 12.0.1;
						TestTargetID = 8A379B492531F69B0022307C;
					};
				};
			};
			buildConfigurationList = 8A379B452531F69B0022307C /* Build configuration list for PBXProject "Offers" */;
			compatibilityVersion = "Xcode 9.3";
			developmentRegion = en;
			hasScannedForEncodings = 0;
			knownRegions = (
				en,
				Base,
			);
			mainGroup = 8A379B412531F69B0022307C;
			productRefGroup = 8A379B4B2531F69B0022307C /* Products */;
			projectDirPath = "";
			projectRoot = "";
			targets = (
				8A379B492531F69B0022307C /* Offers */,
				8A379B642531F69D0022307C /* OffersTests */,
				8A379B6F2531F69D0022307C /* OffersUITests */,
			);
		};
/* End PBXProject section */

/* Begin PBXResourcesBuildPhase section */
		8A379B482531F69B0022307C /* Resources */ = {
			isa = PBXResourcesBuildPhase;
			buildActionMask = 2147483647;
			files = (
				8A379B5D2531F69D0022307C /* LaunchScreen.storyboard in Resources */,
				8A379B5A2531F69D0022307C /* Assets.xcassets in Resources */,
				8A379B582531F69B0022307C /* Main.storyboard in Resources */,
			);
			runOnlyForDeploymentPostprocessing = 0;
		};
		8A379B632531F69D0022307C /* Resources */ = {
			isa = PBXResourcesBuildPhase;
			buildActionMask = 2147483647;
			files = (
			);
			runOnlyForDeploymentPostprocessing = 0;
		};
		8A379B6E2531F69D0022307C /* Resources */ = {
			isa = PBXResourcesBuildPhase;
			buildActionMask = 2147483647;
			files = (
			);
			runOnlyForDeploymentPostprocessing = 0;
		};
/* End PBXResourcesBuildPhase section */

/* Begin PBXShellScriptBuildPhase section */
		20EAC03F224F221118FE0A23 /* [CP] Check Pods Manifest.lock */ = {
			isa = PBXShellScriptBuildPhase;
			buildActionMask = 2147483647;
			files = (
			);
			inputFileListPaths = (
			);
			inputPaths = (
				"${PODS_PODFILE_DIR_PATH}/Podfile.lock",
				"${PODS_ROOT}/Manifest.lock",
			);
			name = "[CP] Check Pods Manifest.lock";
			outputFileListPaths = (
			);
			outputPaths = (
				"$(DERIVED_FILE_DIR)/Pods-OffersTests-checkManifestLockResult.txt",
			);
			runOnlyForDeploymentPostprocessing = 0;
			shellPath = /bin/sh;
			shellScript = "diff \"${PODS_PODFILE_DIR_PATH}/Podfile.lock\" \"${PODS_ROOT}/Manifest.lock\" > /dev/null\nif [ $? != 0 ] ; then\n    # print error to STDERR\n    echo \"error: The sandbox is not in sync with the Podfile.lock. Run 'pod install' or update your CocoaPods installation.\" >&2\n    exit 1\nfi\n# This output is used by Xcode 'outputs' to avoid re-running this script phase.\necho \"SUCCESS\" > \"${SCRIPT_OUTPUT_FILE_0}\"\n";
			showEnvVarsInLog = 0;
		};
		23939C563510034D27E023BA /* [CP] Embed Pods Frameworks */ = {
			isa = PBXShellScriptBuildPhase;
			buildActionMask = 2147483647;
			files = (
			);
			inputFileListPaths = (
				"${PODS_ROOT}/Target Support Files/Pods-Offers-OffersUITests/Pods-Offers-OffersUITests-frameworks-${CONFIGURATION}-input-files.xcfilelist",
			);
			name = "[CP] Embed Pods Frameworks";
			outputFileListPaths = (
				"${PODS_ROOT}/Target Support Files/Pods-Offers-OffersUITests/Pods-Offers-OffersUITests-frameworks-${CONFIGURATION}-output-files.xcfilelist",
			);
			runOnlyForDeploymentPostprocessing = 0;
			shellPath = /bin/sh;
			shellScript = "\"${PODS_ROOT}/Target Support Files/Pods-Offers-OffersUITests/Pods-Offers-OffersUITests-frameworks.sh\"\n";
			showEnvVarsInLog = 0;
		};
		5D013E432C4A2BD4BA33EEB1 /* [CP] Check Pods Manifest.lock */ = {
			isa = PBXShellScriptBuildPhase;
			buildActionMask = 2147483647;
			files = (
			);
			inputFileListPaths = (
			);
			inputPaths = (
				"${PODS_PODFILE_DIR_PATH}/Podfile.lock",
				"${PODS_ROOT}/Manifest.lock",
			);
			name = "[CP] Check Pods Manifest.lock";
			outputFileListPaths = (
			);
			outputPaths = (
				"$(DERIVED_FILE_DIR)/Pods-Offers-checkManifestLockResult.txt",
			);
			runOnlyForDeploymentPostprocessing = 0;
			shellPath = /bin/sh;
			shellScript = "diff \"${PODS_PODFILE_DIR_PATH}/Podfile.lock\" \"${PODS_ROOT}/Manifest.lock\" > /dev/null\nif [ $? != 0 ] ; then\n    # print error to STDERR\n    echo \"error: The sandbox is not in sync with the Podfile.lock. Run 'pod install' or update your CocoaPods installation.\" >&2\n    exit 1\nfi\n# This output is used by Xcode 'outputs' to avoid re-running this script phase.\necho \"SUCCESS\" > \"${SCRIPT_OUTPUT_FILE_0}\"\n";
			showEnvVarsInLog = 0;
		};
		B027AC29B6AC250DB5E4780F /* [CP] Embed Pods Frameworks */ = {
			isa = PBXShellScriptBuildPhase;
			buildActionMask = 2147483647;
			files = (
			);
			inputFileListPaths = (
				"${PODS_ROOT}/Target Support Files/Pods-Offers/Pods-Offers-frameworks-${CONFIGURATION}-input-files.xcfilelist",
			);
			name = "[CP] Embed Pods Frameworks";
			outputFileListPaths = (
				"${PODS_ROOT}/Target Support Files/Pods-Offers/Pods-Offers-frameworks-${CONFIGURATION}-output-files.xcfilelist",
			);
			runOnlyForDeploymentPostprocessing = 0;
			shellPath = /bin/sh;
			shellScript = "\"${PODS_ROOT}/Target Support Files/Pods-Offers/Pods-Offers-frameworks.sh\"\n";
			showEnvVarsInLog = 0;
		};
		EB94168A5EE7A5D55FF0CE29 /* [CP] Check Pods Manifest.lock */ = {
			isa = PBXShellScriptBuildPhase;
			buildActionMask = 2147483647;
			files = (
			);
			inputFileListPaths = (
			);
			inputPaths = (
				"${PODS_PODFILE_DIR_PATH}/Podfile.lock",
				"${PODS_ROOT}/Manifest.lock",
			);
			name = "[CP] Check Pods Manifest.lock";
			outputFileListPaths = (
			);
			outputPaths = (
				"$(DERIVED_FILE_DIR)/Pods-Offers-OffersUITests-checkManifestLockResult.txt",
			);
			runOnlyForDeploymentPostprocessing = 0;
			shellPath = /bin/sh;
			shellScript = "diff \"${PODS_PODFILE_DIR_PATH}/Podfile.lock\" \"${PODS_ROOT}/Manifest.lock\" > /dev/null\nif [ $? != 0 ] ; then\n    # print error to STDERR\n    echo \"error: The sandbox is not in sync with the Podfile.lock. Run 'pod install' or update your CocoaPods installation.\" >&2\n    exit 1\nfi\n# This output is used by Xcode 'outputs' to avoid re-running this script phase.\necho \"SUCCESS\" > \"${SCRIPT_OUTPUT_FILE_0}\"\n";
			showEnvVarsInLog = 0;
		};
/* End PBXShellScriptBuildPhase section */

/* Begin PBXSourcesBuildPhase section */
		8A379B462531F69B0022307C /* Sources */ = {
			isa = PBXSourcesBuildPhase;
			buildActionMask = 2147483647;
			files = (
				8AE9884A2533305600BE6952 /* Offer.m in Sources */,
				8AE988722533426500BE6952 /* NetworkManager.m in Sources */,
				8A379BCB253314C20022307C /* OffersViewController.m in Sources */,
				8A379B4F2531F69B0022307C /* AppDelegate.m in Sources */,
				8A379B602531F69D0022307C /* main.m in Sources */,
				8A379B522531F69B0022307C /* SceneDelegate.m in Sources */,
				8A379B9C253207930022307C /* ViewController.m in Sources */,
			);
			runOnlyForDeploymentPostprocessing = 0;
		};
		8A379B612531F69D0022307C /* Sources */ = {
			isa = PBXSourcesBuildPhase;
			buildActionMask = 2147483647;
			files = (
				8A379B6A2531F69D0022307C /* OffersTests.m in Sources */,
			);
			runOnlyForDeploymentPostprocessing = 0;
		};
		8A379B6C2531F69D0022307C /* Sources */ = {
			isa = PBXSourcesBuildPhase;
			buildActionMask = 2147483647;
			files = (
				8A379B752531F69D0022307C /* OffersUITests.m in Sources */,
			);
			runOnlyForDeploymentPostprocessing = 0;
		};
/* End PBXSourcesBuildPhase section */

/* Begin PBXTargetDependency section */
		8A379B672531F69D0022307C /* PBXTargetDependency */ = {
			isa = PBXTargetDependency;
			target = 8A379B492531F69B0022307C /* Offers */;
			targetProxy = 8A379B662531F69D0022307C /* PBXContainerItemProxy */;
		};
		8A379B722531F69D0022307C /* PBXTargetDependency */ = {
			isa = PBXTargetDependency;
			target = 8A379B492531F69B0022307C /* Offers */;
			targetProxy = 8A379B712531F69D0022307C /* PBXContainerItemProxy */;
		};
/* End PBXTargetDependency section */

/* Begin PBXVariantGroup section */
		8A379B562531F69B0022307C /* Main.storyboard */ = {
			isa = PBXVariantGroup;
			children = (
				8A379B572531F69B0022307C /* Base */,
			);
			name = Main.storyboard;
			sourceTree = "<group>";
		};
		8A379B5B2531F69D0022307C /* LaunchScreen.storyboard */ = {
			isa = PBXVariantGroup;
			children = (
				8A379B5C2531F69D0022307C /* Base */,
			);
			name = LaunchScreen.storyboard;
			sourceTree = "<group>";
		};
/* End PBXVariantGroup section */

/* Begin XCBuildConfiguration section */
		8A379B772531F69D0022307C /* Debug */ = {
			isa = XCBuildConfiguration;
			buildSettings = {
				ALWAYS_SEARCH_USER_PATHS = NO;
				CLANG_ANALYZER_NONNULL = YES;
				CLANG_ANALYZER_NUMBER_OBJECT_CONVERSION = YES_AGGRESSIVE;
				CLANG_CXX_LANGUAGE_STANDARD = "gnu++14";
				CLANG_CXX_LIBRARY = "libc++";
				CLANG_ENABLE_MODULES = YES;
				CLANG_ENABLE_OBJC_ARC = YES;
				CLANG_ENABLE_OBJC_WEAK = YES;
				CLANG_WARN_BLOCK_CAPTURE_AUTORELEASING = YES;
				CLANG_WARN_BOOL_CONVERSION = YES;
				CLANG_WARN_COMMA = YES;
				CLANG_WARN_CONSTANT_CONVERSION = YES;
				CLANG_WARN_DEPRECATED_OBJC_IMPLEMENTATIONS = YES;
				CLANG_WARN_DIRECT_OBJC_ISA_USAGE = YES_ERROR;
				CLANG_WARN_DOCUMENTATION_COMMENTS = YES;
				CLANG_WARN_EMPTY_BODY = YES;
				CLANG_WARN_ENUM_CONVERSION = YES;
				CLANG_WARN_INFINITE_RECURSION = YES;
				CLANG_WARN_INT_CONVERSION = YES;
				CLANG_WARN_NON_LITERAL_NULL_CONVERSION = YES;
				CLANG_WARN_OBJC_IMPLICIT_RETAIN_SELF = YES;
				CLANG_WARN_OBJC_LITERAL_CONVERSION = YES;
				CLANG_WARN_OBJC_ROOT_CLASS = YES_ERROR;
				CLANG_WARN_QUOTED_INCLUDE_IN_FRAMEWORK_HEADER = YES;
				CLANG_WARN_RANGE_LOOP_ANALYSIS = YES;
				CLANG_WARN_STRICT_PROTOTYPES = YES;
				CLANG_WARN_SUSPICIOUS_MOVE = YES;
				CLANG_WARN_UNGUARDED_AVAILABILITY = YES_AGGRESSIVE;
				CLANG_WARN_UNREACHABLE_CODE = YES;
				CLANG_WARN__DUPLICATE_METHOD_MATCH = YES;
				COPY_PHASE_STRIP = NO;
				DEBUG_INFORMATION_FORMAT = dwarf;
				ENABLE_STRICT_OBJC_MSGSEND = YES;
				ENABLE_TESTABILITY = YES;
				GCC_C_LANGUAGE_STANDARD = gnu11;
				GCC_DYNAMIC_NO_PIC = NO;
				GCC_NO_COMMON_BLOCKS = YES;
				GCC_OPTIMIZATION_LEVEL = 0;
				GCC_PREPROCESSOR_DEFINITIONS = (
					"DEBUG=1",
					"$(inherited)",
				);
				GCC_WARN_64_TO_32_BIT_CONVERSION = YES;
				GCC_WARN_ABOUT_RETURN_TYPE = YES_ERROR;
				GCC_WARN_UNDECLARED_SELECTOR = YES;
				GCC_WARN_UNINITIALIZED_AUTOS = YES_AGGRESSIVE;
				GCC_WARN_UNUSED_FUNCTION = YES;
				GCC_WARN_UNUSED_VARIABLE = YES;
				IPHONEOS_DEPLOYMENT_TARGET = 14.0;
				MTL_ENABLE_DEBUG_INFO = INCLUDE_SOURCE;
				MTL_FAST_MATH = YES;
				ONLY_ACTIVE_ARCH = YES;
				SDKROOT = iphoneos;
			};
			name = Debug;
		};
		8A379B782531F69D0022307C /* Release */ = {
			isa = XCBuildConfiguration;
			buildSettings = {
				ALWAYS_SEARCH_USER_PATHS = NO;
				CLANG_ANALYZER_NONNULL = YES;
				CLANG_ANALYZER_NUMBER_OBJECT_CONVERSION = YES_AGGRESSIVE;
				CLANG_CXX_LANGUAGE_STANDARD = "gnu++14";
				CLANG_CXX_LIBRARY = "libc++";
				CLANG_ENABLE_MODULES = YES;
				CLANG_ENABLE_OBJC_ARC = YES;
				CLANG_ENABLE_OBJC_WEAK = YES;
				CLANG_WARN_BLOCK_CAPTURE_AUTORELEASING = YES;
				CLANG_WARN_BOOL_CONVERSION = YES;
				CLANG_WARN_COMMA = YES;
				CLANG_WARN_CONSTANT_CONVERSION = YES;
				CLANG_WARN_DEPRECATED_OBJC_IMPLEMENTATIONS = YES;
				CLANG_WARN_DIRECT_OBJC_ISA_USAGE = YES_ERROR;
				CLANG_WARN_DOCUMENTATION_COMMENTS = YES;
				CLANG_WARN_EMPTY_BODY = YES;
				CLANG_WARN_ENUM_CONVERSION = YES;
				CLANG_WARN_INFINITE_RECURSION = YES;
				CLANG_WARN_INT_CONVERSION = YES;
				CLANG_WARN_NON_LITERAL_NULL_CONVERSION = YES;
				CLANG_WARN_OBJC_IMPLICIT_RETAIN_SELF = YES;
				CLANG_WARN_OBJC_LITERAL_CONVERSION = YES;
				CLANG_WARN_OBJC_ROOT_CLASS = YES_ERROR;
				CLANG_WARN_QUOTED_INCLUDE_IN_FRAMEWORK_HEADER = YES;
				CLANG_WARN_RANGE_LOOP_ANALYSIS = YES;
				CLANG_WARN_STRICT_PROTOTYPES = YES;
				CLANG_WARN_SUSPICIOUS_MOVE = YES;
				CLANG_WARN_UNGUARDED_AVAILABILITY = YES_AGGRESSIVE;
				CLANG_WARN_UNREACHABLE_CODE = YES;
				CLANG_WARN__DUPLICATE_METHOD_MATCH = YES;
				COPY_PHASE_STRIP = NO;
				DEBUG_INFORMATION_FORMAT = "dwarf-with-dsym";
				ENABLE_NS_ASSERTIONS = NO;
				ENABLE_STRICT_OBJC_MSGSEND = YES;
				GCC_C_LANGUAGE_STANDARD = gnu11;
				GCC_NO_COMMON_BLOCKS = YES;
				GCC_WARN_64_TO_32_BIT_CONVERSION = YES;
				GCC_WARN_ABOUT_RETURN_TYPE = YES_ERROR;
				GCC_WARN_UNDECLARED_SELECTOR = YES;
				GCC_WARN_UNINITIALIZED_AUTOS = YES_AGGRESSIVE;
				GCC_WARN_UNUSED_FUNCTION = YES;
				GCC_WARN_UNUSED_VARIABLE = YES;
				IPHONEOS_DEPLOYMENT_TARGET = 14.0;
				MTL_ENABLE_DEBUG_INFO = NO;
				MTL_FAST_MATH = YES;
				SDKROOT = iphoneos;
				VALIDATE_PRODUCT = YES;
			};
			name = Release;
		};
		8A379B7A2531F69D0022307C /* Debug */ = {
			isa = XCBuildConfiguration;
			baseConfigurationReference = C98BCD7D136D34A83D170575 /* Pods-Offers.debug.xcconfig */;
			buildSettings = {
				ASSETCATALOG_COMPILER_APPICON_NAME = AppIcon;
				ASSETCATALOG_COMPILER_GLOBAL_ACCENT_COLOR_NAME = AccentColor;
				CODE_SIGN_IDENTITY = "Apple Development";
				CODE_SIGN_STYLE = Automatic;
				DEVELOPMENT_TEAM = U2D95CPQGW;
				INFOPLIST_FILE = Offers/Info.plist;
				LD_RUNPATH_SEARCH_PATHS = (
					"$(inherited)",
					"@executable_path/Frameworks",
				);
				PRODUCT_BUNDLE_IDENTIFIER = com.sharmin.Offers;
				PRODUCT_NAME = "$(TARGET_NAME)";
				PROVISIONING_PROFILE_SPECIFIER = "";
				TARGETED_DEVICE_FAMILY = "1,2";
			};
			name = Debug;
		};
		8A379B7B2531F69D0022307C /* Release */ = {
			isa = XCBuildConfiguration;
			baseConfigurationReference = 6DE9C3CB2C44A1762C93C79D /* Pods-Offers.release.xcconfig */;
			buildSettings = {
				ASSETCATALOG_COMPILER_APPICON_NAME = AppIcon;
				ASSETCATALOG_COMPILER_GLOBAL_ACCENT_COLOR_NAME = AccentColor;
				CODE_SIGN_IDENTITY = "Apple Development";
				CODE_SIGN_STYLE = Automatic;
				DEVELOPMENT_TEAM = U2D95CPQGW;
				INFOPLIST_FILE = Offers/Info.plist;
				LD_RUNPATH_SEARCH_PATHS = (
					"$(inherited)",
					"@executable_path/Frameworks",
				);
				PRODUCT_BUNDLE_IDENTIFIER = com.sharmin.Offers;
				PRODUCT_NAME = "$(TARGET_NAME)";
				PROVISIONING_PROFILE_SPECIFIER = "";
				TARGETED_DEVICE_FAMILY = "1,2";
			};
			name = Release;
		};
		8A379B7D2531F69D0022307C /* Debug */ = {
			isa = XCBuildConfiguration;
			baseConfigurationReference = FC7C0758EB88A2361ECA5C71 /* Pods-OffersTests.debug.xcconfig */;
			buildSettings = {
				BUNDLE_LOADER = "$(TEST_HOST)";
				CODE_SIGN_STYLE = Automatic;
				DEVELOPMENT_TEAM = U2D95CPQGW;
				INFOPLIST_FILE = OffersTests/Info.plist;
				IPHONEOS_DEPLOYMENT_TARGET = 14.0;
				LD_RUNPATH_SEARCH_PATHS = (
					"$(inherited)",
					"@executable_path/Frameworks",
					"@loader_path/Frameworks",
				);
				PRODUCT_BUNDLE_IDENTIFIER = com.sharmin.OffersTests;
				PRODUCT_NAME = "$(TARGET_NAME)";
				TARGETED_DEVICE_FAMILY = "1,2";
				TEST_HOST = "$(BUILT_PRODUCTS_DIR)/Offers.app/Offers";
			};
			name = Debug;
		};
		8A379B7E2531F69D0022307C /* Release */ = {
			isa = XCBuildConfiguration;
			baseConfigurationReference = 89FE2F36AEE3F240FFCFBB7E /* Pods-OffersTests.release.xcconfig */;
			buildSettings = {
				BUNDLE_LOADER = "$(TEST_HOST)";
				CODE_SIGN_STYLE = Automatic;
				DEVELOPMENT_TEAM = U2D95CPQGW;
				INFOPLIST_FILE = OffersTests/Info.plist;
				IPHONEOS_DEPLOYMENT_TARGET = 14.0;
				LD_RUNPATH_SEARCH_PATHS = (
					"$(inherited)",
					"@executable_path/Frameworks",
					"@loader_path/Frameworks",
				);
				PRODUCT_BUNDLE_IDENTIFIER = com.sharmin.OffersTests;
				PRODUCT_NAME = "$(TARGET_NAME)";
				TARGETED_DEVICE_FAMILY = "1,2";
				TEST_HOST = "$(BUILT_PRODUCTS_DIR)/Offers.app/Offers";
			};
			name = Release;
		};
		8A379B802531F69D0022307C /* Debug */ = {
			isa = XCBuildConfiguration;
			baseConfigurationReference = AE9FF4B7C0F9B6A77C84E78E /* Pods-Offers-OffersUITests.debug.xcconfig */;
			buildSettings = {
				CODE_SIGN_STYLE = Automatic;
				DEVELOPMENT_TEAM = U2D95CPQGW;
				INFOPLIST_FILE = OffersUITests/Info.plist;
				LD_RUNPATH_SEARCH_PATHS = (
					"$(inherited)",
					"@executable_path/Frameworks",
					"@loader_path/Frameworks",
				);
				PRODUCT_BUNDLE_IDENTIFIER = com.sharmin.OffersUITests;
				PRODUCT_NAME = "$(TARGET_NAME)";
				TARGETED_DEVICE_FAMILY = "1,2";
				TEST_TARGET_NAME = Offers;
			};
			name = Debug;
		};
		8A379B812531F69D0022307C /* Release */ = {
			isa = XCBuildConfiguration;
			baseConfigurationReference = 3E4E00D95C0A31D7471F2F31 /* Pods-Offers-OffersUITests.release.xcconfig */;
			buildSettings = {
				CODE_SIGN_STYLE = Automatic;
				DEVELOPMENT_TEAM = U2D95CPQGW;
				INFOPLIST_FILE = OffersUITests/Info.plist;
				LD_RUNPATH_SEARCH_PATHS = (
					"$(inherited)",
					"@executable_path/Frameworks",
					"@loader_path/Frameworks",
				);
				PRODUCT_BUNDLE_IDENTIFIER = com.sharmin.OffersUITests;
				PRODUCT_NAME = "$(TARGET_NAME)";
				TARGETED_DEVICE_FAMILY = "1,2";
				TEST_TARGET_NAME = Offers;
			};
			name = Release;
		};
/* End XCBuildConfiguration section */

/* Begin XCConfigurationList section */
		8A379B452531F69B0022307C /* Build configuration list for PBXProject "Offers" */ = {
			isa = XCConfigurationList;
			buildConfigurations = (
				8A379B772531F69D0022307C /* Debug */,
				8A379B782531F69D0022307C /* Release */,
			);
			defaultConfigurationIsVisible = 0;
			defaultConfigurationName = Release;
		};
		8A379B792531F69D0022307C /* Build configuration list for PBXNativeTarget "Offers" */ = {
			isa = XCConfigurationList;
			buildConfigurations = (
				8A379B7A2531F69D0022307C /* Debug */,
				8A379B7B2531F69D0022307C /* Release */,
			);
			defaultConfigurationIsVisible = 0;
			defaultConfigurationName = Release;
		};
		8A379B7C2531F69D0022307C /* Build configuration list for PBXNativeTarget "OffersTests" */ = {
			isa = XCConfigurationList;
			buildConfigurations = (
				8A379B7D2531F69D0022307C /* Debug */,
				8A379B7E2531F69D0022307C /* Release */,
			);
			defaultConfigurationIsVisible = 0;
			defaultConfigurationName = Release;
		};
		8A379B7F2531F69D0022307C /* Build configuration list for PBXNativeTarget "OffersUITests" */ = {
			isa = XCConfigurationList;
			buildConfigurations = (
				8A379B802531F69D0022307C /* Debug */,
				8A379B812531F69D0022307C /* Release */,
			);
			defaultConfigurationIsVisible = 0;
			defaultConfigurationName = Release;
		};
/* End XCConfigurationList section */
	};
	rootObject = 8A379B422531F69B0022307C /* Project object */;
}
